
Microsoft Visual Studio Solution File, Format Version 12.00
# Visual Studio Version 17
VisualStudioVersion = 17.8.34408.163
MinimumVisualStudioVersion = 10.0.40219.1
Project("{8BC9CEB8-8B4A-11D0-8D11-00A0C91BC942}") = "DateApp1", "DateApp1\DateApp1.vcxproj", "{ED816C50-B939-443D-BDD4-91006AED5549}"
EndProject
Global
	GlobalSection(SolutionConfigurationPlatforms) = preSolution
		Debug|x64 = Debug|x64
		Debug|x86 = Debug|x86
		Release|x64 = Release|x64
		Release|x86 = Release|x86
	EndGlobalSection
	GlobalSection(ProjectConfigurationPlatforms) = postSolution
		{ED816C50-B939-443D-BDD4-91006AED5549}.Debug|x64.ActiveCfg = Debug|x64
		{ED816C50-B939-443D-BDD4-91006AED5549}.Debug|x64.Build.0 = Debug|x64
		{ED816C50-B939-443D-BDD4-91006AED5549}.Debug|x86.ActiveCfg = Debug|Win32
		{ED816C50-B939-443D-BDD4-91006AED5549}.Debug|x86.Build.0 = Debug|Win32
		{ED816C50-B939-443D-BDD4-91006AED5549}.Release|x64.ActiveCfg = Release|x64
		{ED816C50-B939-443D-BDD4-91006AED5549}.Release|x64.Build.0 = Release|x64
		{ED816C50-B939-443D-BDD4-91006AED5549}.Release|x86.ActiveCfg = Release|Win32
		{ED816C50-B939-443D-BDD4-91006AED5549}.Release|x86.Build.0 = Release|Win32
	EndGlobalSection
	GlobalSection(SolutionProperties) = preSolution
		HideSolutionNode = FALSE
	EndGlobalSection
	GlobalSection(ExtensibilityGlobals) = postSolution
		SolutionGuid = {3BF9AC39-9F5E-45CE-B124-AFFC74BFE1F0}
	EndGlobalSection
EndGlobal
